// !$*UTF8*$!
{
	archiveVersion = 1;
	classes = {
	};
	objectVersion = 46;
	objects = {

/* Begin PBXBuildFile section */
		567EE26316864F0800B1FD63 /* main.cpp in Sources */ = {isa = PBXBuildFile; fileRef = 567EE26216864F0800B1FD63 /* main.cpp */; };
		567EE26516864F0800B1FD63 /* inheritancetest.1 in CopyFiles */ = {isa = PBXBuildFile; fileRef = 567EE26416864F0800B1FD63 /* inheritancetest.1 */; };
/* End PBXBuildFile section */

/* Begin PBXCopyFilesBuildPhase section */
		567EE25C16864F0800B1FD63 /* CopyFiles */ = {
			isa = PBXCopyFilesBuildPhase;
			buildActionMask = 2147483647;
			dstPath = /usr/share/man/man1/;
			dstSubfolderSpec = 0;
			files = (
				567EE26516864F0800B1FD63 /* inheritancetest.1 in CopyFiles */,
			);
			runOnlyForDeploymentPostprocessing = 1;
		};
/* End PBXCopyFilesBuildPhase section */

/* Begin PBXFileReference section */
		567EE25E16864F0800B1FD63 /* inheritancetest */ = {isa = PBXFileReference; explicitFileType = "compiled.mach-o.executable"; includeInIndex = 0; path = inheritancetest; sourceTree = BUILT_PRODUCTS_DIR; };
		567EE26216864F0800B1FD63 /* main.cpp */ = {isa = PBXFileReference; lastKnownFileType = sourcecode.cpp.cpp; path = main.cpp; sourceTree = "<group>"; };
		567EE26416864F0800B1FD63 /* inheritancetest.1 */ = {isa = PBXFileReference; lastKnownFileType = text.man; path = inheritancetest.1; sourceTree = "<group>"; };
/* End PBXFileReference section */

/* Begin PBXFrameworksBuildPhase section */
		567EE25B16864F0800B1FD63 /* Frameworks */ = {
			isa = PBXFrameworksBuildPhase;
			buildActionMask = 2147483647;
			files = (
			);
			runOnlyForDeploymentPostprocessing = 0;
		};
/* End PBXFrameworksBuildPhase section */

/* Begin PBXGroup section */
		567EE25316864F0800B1FD63 = {
			isa = PBXGroup;
			children = (
				567EE26116864F0800B1FD63 /* inheritancetest */,
				567EE25F16864F0800B1FD63 /* Products */,
			);
			sourceTree = "<group>";
		};
		567EE25F16864F0800B1FD63 /* Products */ = {
			isa = PBXGroup;
			children = (
				567EE25E16864F0800B1FD63 /* inheritancetest */,
			);
			name = Products;
			sourceTree = "<group>";
		};
		567EE26116864F0800B1FD63 /* inheritancetest */ = {
			isa = PBXGroup;
			children = (
				567EE26216864F0800B1FD63 /* main.cpp */,
				567EE26416864F0800B1FD63 /* inheritancetest.1 */,
			);
			path = inheritancetest;
			sourceTree = "<group>";
		};
/* End PBXGroup section */

/* Begin PBXNativeTarget section */
		567EE25D16864F0800B1FD63 /* inheritancetest */ = {
			isa = PBXNativeTarget;
			buildConfigurationList = 567EE26816864F0800B1FD63 /* Build configuration list for PBXNativeTarget "inheritancetest" */;
			buildPhases = (
				567EE25A16864F0800B1FD63 /* Sources */,
				567EE25B16864F0800B1FD63 /* Frameworks */,
				567EE25C16864F0800B1FD63 /* CopyFiles */,
			);
			buildRules = (
			);
			dependencies = (
			);
			name = inheritancetest;
			productName = inheritancetest;
			productReference = 567EE25E16864F0800B1FD63 /* inheritancetest */;
			productType = "com.apple.product-type.tool";
		};
/* End PBXNativeTarget section */

/* Begin PBXProject section */
		567EE25516864F0800B1FD63 /* Project object */ = {
			isa = PBXProject;
			attributes = {
				LastUpgradeCheck = 0450;
				ORGANIZATIONNAME = "Elliot Saba";
			};
			buildConfigurationList = 567EE25816864F0800B1FD63 /* Build configuration list for PBXProject "inheritancetest" */;
			compatibilityVersion = "Xcode 3.2";
			developmentRegion = English;
			hasScannedForEncodings = 0;
			knownRegions = (
				en,
			);
			mainGroup = 567EE25316864F0800B1FD63;
			productRefGroup = 567EE25F16864F0800B1FD63 /* Products */;
			projectDirPath = "";
			projectRoot = "";
			targets = (
				567EE25D16864F0800B1FD63 /* inheritancetest */,
			);
		};
/* End PBXProject section */

/* Begin PBXSourcesBuildPhase section */
		567EE25A16864F0800B1FD63 /* Sources */ = {
			isa = PBXSourcesBuildPhase;
			buildActionMask = 2147483647;
			files = (
				567EE26316864F0800B1FD63 /* main.cpp in Sources */,
			);
			runOnlyForDeploymentPostprocessing = 0;
		};
/* End PBXSourcesBuildPhase section */

/* Begin XCBuildConfiguration section */
		567EE26616864F0800B1FD63 /* Debug */ = {
			isa = XCBuildConfiguration;
			buildSettings = {
				ALWAYS_SEARCH_USER_PATHS = NO;
				ARCHS = "$(ARCHS_STANDARD_64_BIT)";
				CLANG_CXX_LANGUAGE_STANDARD = "gnu++0x";
				CLANG_CXX_LIBRARY = "libc++";
				CLANG_WARN_EMPTY_BODY = YES;
				CLANG_WARN__DUPLICATE_METHOD_MATCH = YES;
				COPY_PHASE_STRIP = NO;
				GCC_C_LANGUAGE_STANDARD = gnu99;
				GCC_DYNAMIC_NO_PIC = NO;
				GCC_ENABLE_OBJC_EXCEPTIONS = YES;
				GCC_OPTIMIZATION_LEVEL = 0;
				GCC_PREPROCESSOR_DEFINITIONS = (
					"DEBUG=1",
					"$(inherited)",
				);
				GCC_SYMBOLS_PRIVATE_EXTERN = NO;
				GCC_WARN_64_TO_32_BIT_CONVERSION = YES;
				GCC_WARN_ABOUT_RETURN_TYPE = YES;
				GCC_WARN_UNINITIALIZED_AUTOS = YES;
				GCC_WARN_UNUSED_VARIABLE = YES;
				MACOSX_DEPLOYMENT_TARGET = 10.8;
				ONLY_ACTIVE_ARCH = YES;
				SDKROOT = macosx;
			};
			name = Debug;
		};
		567EE26716864F0800B1FD63 /* Release */ = {
			isa = XCBuildConfiguration;
			buildSettings = {
				ALWAYS_SEARCH_USER_PATHS = NO;
				ARCHS = "$(ARCHS_STANDARD_64_BIT)";
				CLANG_CXX_LANGUAGE_STANDARD = "gnu++0x";
				CLANG_CXX_LIBRARY = "libc++";
				CLANG_WARN_EMPTY_BODY = YES;
				CLANG_WARN__DUPLICATE_METHOD_MATCH = YES;
				COPY_PHASE_STRIP = YES;
				DEBUG_INFORMATION_FORMAT = "dwarf-with-dsym";
				GCC_C_LANGUAGE_STANDARD = gnu99;
				GCC_ENABLE_OBJC_EXCEPTIONS = YES;
				GCC_WARN_64_TO_32_BIT_CONVERSION = YES;
				GCC_WARN_ABOUT_RETURN_TYPE = YES;
				GCC_WARN_UNINITIALIZED_AUTOS = YES;
				GCC_WARN_UNUSED_VARIABLE = YES;
				MACOSX_DEPLOYMENT_TARGET = 10.8;
				SDKROOT = macosx;
			};
			name = Release;
		};
		567EE26916864F0800B1FD63 /* Debug */ = {
			isa = XCBuildConfiguration;
			buildSettings = {
				PRODUCT_NAME = "$(TARGET_NAME)";
			};
			name = Debug;
		};
		567EE26A16864F0800B1FD63 /* Release */ = {
			isa = XCBuildConfiguration;
			buildSettings = {
				PRODUCT_NAME = "$(TARGET_NAME)";
			};
			name = Release;
		};
/* End XCBuildConfiguration section */

/* Begin XCConfigurationList section */
		567EE25816864F0800B1FD63 /* Build configuration list for PBXProject "inheritancetest" */ = {
			isa = XCConfigurationList;
			buildConfigurations = (
				567EE26616864F0800B1FD63 /* Debug */,
				567EE26716864F0800B1FD63 /* Release */,
			);
			defaultConfigurationIsVisible = 0;
			defaultConfigurationName = Release;
		};
		567EE26816864F0800B1FD63 /* Build configuration list for PBXNativeTarget "inheritancetest" */ = {
			isa = XCConfigurationList;
			buildConfigurations = (
				567EE26916864F0800B1FD63 /* Debug */,
				567EE26A16864F0800B1FD63 /* Release */,
			);
			defaultConfigurationIsVisible = 0;
		};
/* End XCConfigurationList section */
	};
	rootObject = 567EE25516864F0800B1FD63 /* Project object */;
}
