// !$*UTF8*$!
{
	archiveVersion = 1;
	classes = {
	};
	objectVersion = 46;
	objects = {

/* Begin PBXBuildFile section */
		562DFD711433872A006570D3 /* main.cpp in Sources */ = {isa = PBXBuildFile; fileRef = 562DFD701433872A006570D3 /* main.cpp */; };
/* End PBXBuildFile section */

/* Begin PBXCopyFilesBuildPhase section */
		562DFD6A1433872A006570D3 /* CopyFiles */ = {
			isa = PBXCopyFilesBuildPhase;
			buildActionMask = 2147483647;
			dstPath = /usr/share/man/man1/;
			dstSubfolderSpec = 0;
			files = (
			);
			runOnlyForDeploymentPostprocessing = 1;
		};
/* End PBXCopyFilesBuildPhase section */

/* Begin PBXFileReference section */
		562DFD6C1433872A006570D3 /* zmqtest */ = {isa = PBXFileReference; explicitFileType = "compiled.mach-o.executable"; includeInIndex = 0; path = zmqtest; sourceTree = BUILT_PRODUCTS_DIR; };
		562DFD701433872A006570D3 /* main.cpp */ = {isa = PBXFileReference; lastKnownFileType = sourcecode.cpp.cpp; path = main.cpp; sourceTree = "<group>"; };
/* End PBXFileReference section */

/* Begin PBXFrameworksBuildPhase section */
		562DFD691433872A006570D3 /* Frameworks */ = {
			isa = PBXFrameworksBuildPhase;
			buildActionMask = 2147483647;
			files = (
			);
			runOnlyForDeploymentPostprocessing = 0;
		};
/* End PBXFrameworksBuildPhase section */

/* Begin PBXGroup section */
		562DFD6114338729006570D3 = {
			isa = PBXGroup;
			children = (
				562DFD6F1433872A006570D3 /* zmqtest */,
				562DFD6D1433872A006570D3 /* Products */,
			);
			sourceTree = "<group>";
		};
		562DFD6D1433872A006570D3 /* Products */ = {
			isa = PBXGroup;
			children = (
				562DFD6C1433872A006570D3 /* zmqtest */,
			);
			name = Products;
			sourceTree = "<group>";
		};
		562DFD6F1433872A006570D3 /* zmqtest */ = {
			isa = PBXGroup;
			children = (
				562DFD701433872A006570D3 /* main.cpp */,
			);
			path = zmqtest;
			sourceTree = "<group>";
		};
/* End PBXGroup section */

/* Begin PBXNativeTarget section */
		562DFD6B1433872A006570D3 /* zmqtest */ = {
			isa = PBXNativeTarget;
			buildConfigurationList = 562DFD761433872A006570D3 /* Build configuration list for PBXNativeTarget "zmqtest" */;
			buildPhases = (
				562DFD681433872A006570D3 /* Sources */,
				562DFD691433872A006570D3 /* Frameworks */,
				562DFD6A1433872A006570D3 /* CopyFiles */,
			);
			buildRules = (
			);
			dependencies = (
			);
			name = zmqtest;
			productName = zmqtest;
			productReference = 562DFD6C1433872A006570D3 /* zmqtest */;
			productType = "com.apple.product-type.tool";
		};
/* End PBXNativeTarget section */

/* Begin PBXProject section */
		562DFD6314338729006570D3 /* Project object */ = {
			isa = PBXProject;
			attributes = {
				ORGANIZATIONNAME = "The Network Marines";
			};
			buildConfigurationList = 562DFD6614338729006570D3 /* Build configuration list for PBXProject "zmqtest" */;
			compatibilityVersion = "Xcode 3.2";
			developmentRegion = English;
			hasScannedForEncodings = 0;
			knownRegions = (
				en,
			);
			mainGroup = 562DFD6114338729006570D3;
			productRefGroup = 562DFD6D1433872A006570D3 /* Products */;
			projectDirPath = "";
			projectRoot = "";
			targets = (
				562DFD6B1433872A006570D3 /* zmqtest */,
			);
		};
/* End PBXProject section */

/* Begin PBXSourcesBuildPhase section */
		562DFD681433872A006570D3 /* Sources */ = {
			isa = PBXSourcesBuildPhase;
			buildActionMask = 2147483647;
			files = (
				562DFD711433872A006570D3 /* main.cpp in Sources */,
			);
			runOnlyForDeploymentPostprocessing = 0;
		};
/* End PBXSourcesBuildPhase section */

/* Begin XCBuildConfiguration section */
		562DFD741433872A006570D3 /* Debug */ = {
			isa = XCBuildConfiguration;
			buildSettings = {
				ALWAYS_SEARCH_USER_PATHS = NO;
				ARCHS = "$(ARCHS_STANDARD_64_BIT)";
				COPY_PHASE_STRIP = NO;
				GCC_C_LANGUAGE_STANDARD = gnu99;
				GCC_DYNAMIC_NO_PIC = NO;
				GCC_ENABLE_OBJC_EXCEPTIONS = YES;
				GCC_OPTIMIZATION_LEVEL = 0;
				GCC_PREPROCESSOR_DEFINITIONS = (
					"DEBUG=1",
					"$(inherited)",
				);
				GCC_SYMBOLS_PRIVATE_EXTERN = NO;
				GCC_VERSION = "";
				GCC_WARN_64_TO_32_BIT_CONVERSION = YES;
				GCC_WARN_ABOUT_MISSING_PROTOTYPES = YES;
				GCC_WARN_ABOUT_RETURN_TYPE = YES;
				GCC_WARN_UNUSED_VARIABLE = YES;
				HEADER_SEARCH_PATHS = /usr/local/include/;
				MACOSX_DEPLOYMENT_TARGET = 10.7;
				ONLY_ACTIVE_ARCH = YES;
				OTHER_LDFLAGS = "-lzmq";
				SDKROOT = macosx;
			};
			name = Debug;
		};
		562DFD751433872A006570D3 /* Release */ = {
			isa = XCBuildConfiguration;
			buildSettings = {
				ALWAYS_SEARCH_USER_PATHS = NO;
				ARCHS = "$(ARCHS_STANDARD_64_BIT)";
				COPY_PHASE_STRIP = YES;
				DEBUG_INFORMATION_FORMAT = "dwarf-with-dsym";
				GCC_C_LANGUAGE_STANDARD = gnu99;
				GCC_ENABLE_OBJC_EXCEPTIONS = YES;
				GCC_VERSION = "";
				GCC_WARN_64_TO_32_BIT_CONVERSION = YES;
				GCC_WARN_ABOUT_MISSING_PROTOTYPES = YES;
				GCC_WARN_ABOUT_RETURN_TYPE = YES;
				GCC_WARN_UNUSED_VARIABLE = YES;
				HEADER_SEARCH_PATHS = /usr/local/include/;
				MACOSX_DEPLOYMENT_TARGET = 10.7;
				OTHER_LDFLAGS = "-lzmq";
				SDKROOT = macosx;
			};
			name = Release;
		};
		562DFD771433872A006570D3 /* Debug */ = {
			isa = XCBuildConfiguration;
			buildSettings = {
				PRODUCT_NAME = "$(TARGET_NAME)";
			};
			name = Debug;
		};
		562DFD781433872A006570D3 /* Release */ = {
			isa = XCBuildConfiguration;
			buildSettings = {
				PRODUCT_NAME = "$(TARGET_NAME)";
			};
			name = Release;
		};
/* End XCBuildConfiguration section */

/* Begin XCConfigurationList section */
		562DFD6614338729006570D3 /* Build configuration list for PBXProject "zmqtest" */ = {
			isa = XCConfigurationList;
			buildConfigurations = (
				562DFD741433872A006570D3 /* Debug */,
				562DFD751433872A006570D3 /* Release */,
			);
			defaultConfigurationIsVisible = 0;
			defaultConfigurationName = Release;
		};
		562DFD761433872A006570D3 /* Build configuration list for PBXNativeTarget "zmqtest" */ = {
			isa = XCConfigurationList;
			buildConfigurations = (
				562DFD771433872A006570D3 /* Debug */,
				562DFD781433872A006570D3 /* Release */,
			);
			defaultConfigurationIsVisible = 0;
			defaultConfigurationName = Release;
		};
/* End XCConfigurationList section */
	};
	rootObject = 562DFD6314338729006570D3 /* Project object */;
}
