// !$*UTF8*$!
{
	archiveVersion = 1;
	classes = {
	};
	objectVersion = 46;
	objects = {

/* Begin PBXBuildFile section */
		56A1552014394D1E007CB847 /* main.cpp in Sources */ = {isa = PBXBuildFile; fileRef = 56A1551F14394D1E007CB847 /* main.cpp */; };
/* End PBXBuildFile section */

/* Begin PBXCopyFilesBuildPhase section */
		56A1551914394D1E007CB847 /* CopyFiles */ = {
			isa = PBXCopyFilesBuildPhase;
			buildActionMask = 2147483647;
			dstPath = /usr/share/man/man1/;
			dstSubfolderSpec = 0;
			files = (
			);
			runOnlyForDeploymentPostprocessing = 1;
		};
/* End PBXCopyFilesBuildPhase section */

/* Begin PBXFileReference section */
		56A1551B14394D1E007CB847 /* extip */ = {isa = PBXFileReference; explicitFileType = "compiled.mach-o.executable"; includeInIndex = 0; path = extip; sourceTree = BUILT_PRODUCTS_DIR; };
		56A1551F14394D1E007CB847 /* main.cpp */ = {isa = PBXFileReference; lastKnownFileType = sourcecode.cpp.cpp; path = main.cpp; sourceTree = "<group>"; };
/* End PBXFileReference section */

/* Begin PBXFrameworksBuildPhase section */
		56A1551814394D1E007CB847 /* Frameworks */ = {
			isa = PBXFrameworksBuildPhase;
			buildActionMask = 2147483647;
			files = (
			);
			runOnlyForDeploymentPostprocessing = 0;
		};
/* End PBXFrameworksBuildPhase section */

/* Begin PBXGroup section */
		56A1551014394D1E007CB847 = {
			isa = PBXGroup;
			children = (
				56A1551E14394D1E007CB847 /* extip */,
				56A1551C14394D1E007CB847 /* Products */,
			);
			sourceTree = "<group>";
		};
		56A1551C14394D1E007CB847 /* Products */ = {
			isa = PBXGroup;
			children = (
				56A1551B14394D1E007CB847 /* extip */,
			);
			name = Products;
			sourceTree = "<group>";
		};
		56A1551E14394D1E007CB847 /* extip */ = {
			isa = PBXGroup;
			children = (
				56A1551F14394D1E007CB847 /* main.cpp */,
			);
			path = extip;
			sourceTree = "<group>";
		};
/* End PBXGroup section */

/* Begin PBXNativeTarget section */
		56A1551A14394D1E007CB847 /* extip */ = {
			isa = PBXNativeTarget;
			buildConfigurationList = 56A1552514394D1E007CB847 /* Build configuration list for PBXNativeTarget "extip" */;
			buildPhases = (
				56A1551714394D1E007CB847 /* Sources */,
				56A1551814394D1E007CB847 /* Frameworks */,
				56A1551914394D1E007CB847 /* CopyFiles */,
			);
			buildRules = (
			);
			dependencies = (
			);
			name = extip;
			productName = extip;
			productReference = 56A1551B14394D1E007CB847 /* extip */;
			productType = "com.apple.product-type.tool";
		};
/* End PBXNativeTarget section */

/* Begin PBXProject section */
		56A1551214394D1E007CB847 /* Project object */ = {
			isa = PBXProject;
			attributes = {
				ORGANIZATIONNAME = "The Network Marines";
			};
			buildConfigurationList = 56A1551514394D1E007CB847 /* Build configuration list for PBXProject "extip" */;
			compatibilityVersion = "Xcode 3.2";
			developmentRegion = English;
			hasScannedForEncodings = 0;
			knownRegions = (
				en,
			);
			mainGroup = 56A1551014394D1E007CB847;
			productRefGroup = 56A1551C14394D1E007CB847 /* Products */;
			projectDirPath = "";
			projectRoot = "";
			targets = (
				56A1551A14394D1E007CB847 /* extip */,
			);
		};
/* End PBXProject section */

/* Begin PBXSourcesBuildPhase section */
		56A1551714394D1E007CB847 /* Sources */ = {
			isa = PBXSourcesBuildPhase;
			buildActionMask = 2147483647;
			files = (
				56A1552014394D1E007CB847 /* main.cpp in Sources */,
			);
			runOnlyForDeploymentPostprocessing = 0;
		};
/* End PBXSourcesBuildPhase section */

/* Begin XCBuildConfiguration section */
		56A1552314394D1E007CB847 /* Debug */ = {
			isa = XCBuildConfiguration;
			buildSettings = {
				ALWAYS_SEARCH_USER_PATHS = NO;
				ARCHS = "$(ARCHS_STANDARD_64_BIT)";
				COPY_PHASE_STRIP = NO;
				GCC_C_LANGUAGE_STANDARD = gnu99;
				GCC_DYNAMIC_NO_PIC = NO;
				GCC_ENABLE_OBJC_EXCEPTIONS = YES;
				GCC_OPTIMIZATION_LEVEL = 0;
				GCC_PREPROCESSOR_DEFINITIONS = (
					_DEBUG,
					"$(inherited)",
				);
				GCC_SYMBOLS_PRIVATE_EXTERN = NO;
				GCC_VERSION = com.apple.compilers.llvm.clang.1_0;
				GCC_WARN_64_TO_32_BIT_CONVERSION = YES;
				GCC_WARN_ABOUT_MISSING_PROTOTYPES = YES;
				GCC_WARN_ABOUT_RETURN_TYPE = YES;
				GCC_WARN_UNUSED_VARIABLE = YES;
				MACOSX_DEPLOYMENT_TARGET = 10.7;
				ONLY_ACTIVE_ARCH = YES;
				SDKROOT = macosx;
			};
			name = Debug;
		};
		56A1552414394D1E007CB847 /* Release */ = {
			isa = XCBuildConfiguration;
			buildSettings = {
				ALWAYS_SEARCH_USER_PATHS = NO;
				ARCHS = "$(ARCHS_STANDARD_64_BIT)";
				COPY_PHASE_STRIP = YES;
				DEBUG_INFORMATION_FORMAT = "dwarf-with-dsym";
				GCC_C_LANGUAGE_STANDARD = gnu99;
				GCC_ENABLE_OBJC_EXCEPTIONS = YES;
				GCC_VERSION = com.apple.compilers.llvm.clang.1_0;
				GCC_WARN_64_TO_32_BIT_CONVERSION = YES;
				GCC_WARN_ABOUT_MISSING_PROTOTYPES = YES;
				GCC_WARN_ABOUT_RETURN_TYPE = YES;
				GCC_WARN_UNUSED_VARIABLE = YES;
				MACOSX_DEPLOYMENT_TARGET = 10.7;
				SDKROOT = macosx;
			};
			name = Release;
		};
		56A1552614394D1E007CB847 /* Debug */ = {
			isa = XCBuildConfiguration;
			buildSettings = {
				PRODUCT_NAME = "$(TARGET_NAME)";
			};
			name = Debug;
		};
		56A1552714394D1E007CB847 /* Release */ = {
			isa = XCBuildConfiguration;
			buildSettings = {
				PRODUCT_NAME = "$(TARGET_NAME)";
			};
			name = Release;
		};
/* End XCBuildConfiguration section */

/* Begin XCConfigurationList section */
		56A1551514394D1E007CB847 /* Build configuration list for PBXProject "extip" */ = {
			isa = XCConfigurationList;
			buildConfigurations = (
				56A1552314394D1E007CB847 /* Debug */,
				56A1552414394D1E007CB847 /* Release */,
			);
			defaultConfigurationIsVisible = 0;
			defaultConfigurationName = Release;
		};
		56A1552514394D1E007CB847 /* Build configuration list for PBXNativeTarget "extip" */ = {
			isa = XCConfigurationList;
			buildConfigurations = (
				56A1552614394D1E007CB847 /* Debug */,
				56A1552714394D1E007CB847 /* Release */,
			);
			defaultConfigurationIsVisible = 0;
			defaultConfigurationName = Release;
		};
/* End XCConfigurationList section */
	};
	rootObject = 56A1551214394D1E007CB847 /* Project object */;
}
