// !$*UTF8*$!
{
	archiveVersion = 1;
	classes = {
	};
	objectVersion = 46;
	objects = {

/* Begin PBXBuildFile section */
		56103A1E13A04A8D00CAC395 /* ShinyMetaDir.cpp in Sources */ = {isa = PBXBuildFile; fileRef = 56103A1113A04A8D00CAC395 /* ShinyMetaDir.cpp */; };
		56103A1F13A04A8D00CAC395 /* ShinyMetaFile.cpp in Sources */ = {isa = PBXBuildFile; fileRef = 56103A1313A04A8D00CAC395 /* ShinyMetaFile.cpp */; };
		56103A2013A04A8D00CAC395 /* ShinyFilesystem.cpp in Sources */ = {isa = PBXBuildFile; fileRef = 56103A1513A04A8D00CAC395 /* ShinyFilesystem.cpp */; };
		56103A2113A04A8D00CAC395 /* ShinyMetaNode.cpp in Sources */ = {isa = PBXBuildFile; fileRef = 56103A1713A04A8D00CAC395 /* ShinyMetaNode.cpp */; };
		56103A2213A04A8D00CAC395 /* ShinyMetaRootDir.cpp in Sources */ = {isa = PBXBuildFile; fileRef = 56103A1913A04A8D00CAC395 /* ShinyMetaRootDir.cpp */; };
		56103A2713A04E3900CAC395 /* Logger.cpp in Sources */ = {isa = PBXBuildFile; fileRef = 56103A2513A04E3900CAC395 /* Logger.cpp */; };
		564CC0B615204B5500D7CC3C /* ShinyMetaFileHandle.cpp in Sources */ = {isa = PBXBuildFile; fileRef = 564CC0B515204B5500D7CC3C /* ShinyMetaFileHandle.cpp */; };
		564CC0BA15214D5300D7CC3C /* zmqutils.cpp in Sources */ = {isa = PBXBuildFile; fileRef = 564CC0B915214D5300D7CC3C /* zmqutils.cpp */; };
		564CC0D215219D1A00D7CC3C /* ShinyFilesystemMediator.cpp in Sources */ = {isa = PBXBuildFile; fileRef = 564CC0D115219D1A00D7CC3C /* ShinyFilesystemMediator.cpp */; };
		56803FA6150D6C820074238D /* ShinyFuse.cpp in Sources */ = {isa = PBXBuildFile; fileRef = 56803FA4150D6C820074238D /* ShinyFuse.cpp */; };
		5681A8E715298D3F00CCDE46 /* main.cpp in Sources */ = {isa = PBXBuildFile; fileRef = 5681A8E615298D3F00CCDE46 /* main.cpp */; };
		569184EB1549E8330060F755 /* ShinyDBWrapper.cpp in Sources */ = {isa = PBXBuildFile; fileRef = 569184EA1549E8330060F755 /* ShinyDBWrapper.cpp */; };
		56E876D71540929F00FA5D1E /* util.cpp in Sources */ = {isa = PBXBuildFile; fileRef = 56E876D61540929F00FA5D1E /* util.cpp */; };
/* End PBXBuildFile section */

/* Begin PBXCopyFilesBuildPhase section */
		56249C01138AD6FA00AA24BB /* CopyFiles */ = {
			isa = PBXCopyFilesBuildPhase;
			buildActionMask = 2147483647;
			dstPath = /usr/share/man/man1/;
			dstSubfolderSpec = 0;
			files = (
			);
			runOnlyForDeploymentPostprocessing = 1;
		};
/* End PBXCopyFilesBuildPhase section */

/* Begin PBXFileReference section */
		56103A1113A04A8D00CAC395 /* ShinyMetaDir.cpp */ = {isa = PBXFileReference; fileEncoding = 4; lastKnownFileType = sourcecode.cpp.cpp; lineEnding = 0; path = ShinyMetaDir.cpp; sourceTree = "<group>"; xcLanguageSpecificationIdentifier = xcode.lang.cpp; };
		56103A1213A04A8D00CAC395 /* ShinyMetaDir.h */ = {isa = PBXFileReference; fileEncoding = 4; lastKnownFileType = sourcecode.c.h; lineEnding = 0; path = ShinyMetaDir.h; sourceTree = "<group>"; xcLanguageSpecificationIdentifier = xcode.lang.objcpp; };
		56103A1313A04A8D00CAC395 /* ShinyMetaFile.cpp */ = {isa = PBXFileReference; fileEncoding = 4; lastKnownFileType = sourcecode.cpp.cpp; lineEnding = 0; path = ShinyMetaFile.cpp; sourceTree = "<group>"; xcLanguageSpecificationIdentifier = xcode.lang.cpp; };
		56103A1413A04A8D00CAC395 /* ShinyMetaFile.h */ = {isa = PBXFileReference; fileEncoding = 4; lastKnownFileType = sourcecode.c.h; lineEnding = 0; path = ShinyMetaFile.h; sourceTree = "<group>"; xcLanguageSpecificationIdentifier = xcode.lang.objcpp; };
		56103A1513A04A8D00CAC395 /* ShinyFilesystem.cpp */ = {isa = PBXFileReference; fileEncoding = 4; lastKnownFileType = sourcecode.cpp.cpp; lineEnding = 0; path = ShinyFilesystem.cpp; sourceTree = "<group>"; xcLanguageSpecificationIdentifier = xcode.lang.cpp; };
		56103A1613A04A8D00CAC395 /* ShinyFilesystem.h */ = {isa = PBXFileReference; fileEncoding = 4; lastKnownFileType = sourcecode.c.h; path = ShinyFilesystem.h; sourceTree = "<group>"; };
		56103A1713A04A8D00CAC395 /* ShinyMetaNode.cpp */ = {isa = PBXFileReference; fileEncoding = 4; lastKnownFileType = sourcecode.cpp.cpp; path = ShinyMetaNode.cpp; sourceTree = "<group>"; };
		56103A1813A04A8D00CAC395 /* ShinyMetaNode.h */ = {isa = PBXFileReference; fileEncoding = 4; lastKnownFileType = sourcecode.c.h; path = ShinyMetaNode.h; sourceTree = "<group>"; };
		56103A1913A04A8D00CAC395 /* ShinyMetaRootDir.cpp */ = {isa = PBXFileReference; fileEncoding = 4; lastKnownFileType = sourcecode.cpp.cpp; path = ShinyMetaRootDir.cpp; sourceTree = "<group>"; };
		56103A1A13A04A8D00CAC395 /* ShinyMetaRootDir.h */ = {isa = PBXFileReference; fileEncoding = 4; lastKnownFileType = sourcecode.c.h; path = ShinyMetaRootDir.h; sourceTree = "<group>"; };
		56103A2513A04E3900CAC395 /* Logger.cpp */ = {isa = PBXFileReference; fileEncoding = 4; lastKnownFileType = sourcecode.cpp.cpp; name = Logger.cpp; path = ../../../platform/base/Logger.cpp; sourceTree = "<group>"; };
		56103A2613A04E3900CAC395 /* Logger.h */ = {isa = PBXFileReference; fileEncoding = 4; lastKnownFileType = sourcecode.c.h; name = Logger.h; path = ../../../platform/base/Logger.h; sourceTree = "<group>"; };
		5613190613D3A6BE0014BEC0 /* Thoughts */ = {isa = PBXFileReference; fileEncoding = 4; lastKnownFileType = text; path = Thoughts; sourceTree = SOURCE_ROOT; };
		56249C03138AD6FA00AA24BB /* shinyfs */ = {isa = PBXFileReference; explicitFileType = "compiled.mach-o.executable"; includeInIndex = 0; path = shinyfs; sourceTree = BUILT_PRODUCTS_DIR; };
		564CC0B315204A7200D7CC3C /* ShinyMetaFileHandle.h */ = {isa = PBXFileReference; lastKnownFileType = sourcecode.c.h; path = ShinyMetaFileHandle.h; sourceTree = "<group>"; };
		564CC0B515204B5500D7CC3C /* ShinyMetaFileHandle.cpp */ = {isa = PBXFileReference; fileEncoding = 4; lastKnownFileType = sourcecode.cpp.cpp; path = ShinyMetaFileHandle.cpp; sourceTree = "<group>"; };
		564CC0B815214CF000D7CC3C /* zmqutils.h */ = {isa = PBXFileReference; lastKnownFileType = sourcecode.c.h; name = zmqutils.h; path = src/util/zmqutils.h; sourceTree = "<group>"; };
		564CC0B915214D5300D7CC3C /* zmqutils.cpp */ = {isa = PBXFileReference; fileEncoding = 4; lastKnownFileType = sourcecode.cpp.cpp; name = zmqutils.cpp; path = src/util/zmqutils.cpp; sourceTree = "<group>"; };
		564CC0BB1521876800D7CC3C /* ShinyFilesystemMediator.h */ = {isa = PBXFileReference; lastKnownFileType = sourcecode.c.h; name = ShinyFilesystemMediator.h; path = src/fuse/ShinyFilesystemMediator.h; sourceTree = "<group>"; };
		564CC0D115219D1A00D7CC3C /* ShinyFilesystemMediator.cpp */ = {isa = PBXFileReference; fileEncoding = 4; lastKnownFileType = sourcecode.cpp.cpp; name = ShinyFilesystemMediator.cpp; path = src/fuse/ShinyFilesystemMediator.cpp; sourceTree = "<group>"; };
		56803FA4150D6C820074238D /* ShinyFuse.cpp */ = {isa = PBXFileReference; fileEncoding = 4; lastKnownFileType = sourcecode.cpp.cpp; name = ShinyFuse.cpp; path = src/fuse/ShinyFuse.cpp; sourceTree = "<group>"; };
		56803FA5150D6C820074238D /* ShinyFuse.h */ = {isa = PBXFileReference; fileEncoding = 4; lastKnownFileType = sourcecode.c.h; name = ShinyFuse.h; path = src/fuse/ShinyFuse.h; sourceTree = "<group>"; };
		5681A8E615298D3F00CCDE46 /* main.cpp */ = {isa = PBXFileReference; fileEncoding = 4; lastKnownFileType = sourcecode.cpp.cpp; name = main.cpp; path = src/main.cpp; sourceTree = SOURCE_ROOT; };
		5681A8E815298D5C00CCDE46 /* SHINY_TODO.txt */ = {isa = PBXFileReference; lastKnownFileType = text; path = SHINY_TODO.txt; sourceTree = "<group>"; };
		569184E91549E7FE0060F755 /* util.h */ = {isa = PBXFileReference; lastKnownFileType = sourcecode.c.h; name = util.h; path = src/util/util.h; sourceTree = "<group>"; };
		569184EA1549E8330060F755 /* ShinyDBWrapper.cpp */ = {isa = PBXFileReference; fileEncoding = 4; lastKnownFileType = sourcecode.cpp.cpp; path = ShinyDBWrapper.cpp; sourceTree = "<group>"; };
		569184EC1549E83C0060F755 /* ShinyDBWrapper.h */ = {isa = PBXFileReference; lastKnownFileType = sourcecode.c.h; path = ShinyDBWrapper.h; sourceTree = "<group>"; };
		56E876D61540929F00FA5D1E /* util.cpp */ = {isa = PBXFileReference; fileEncoding = 4; lastKnownFileType = sourcecode.cpp.cpp; name = util.cpp; path = src/util/util.cpp; sourceTree = "<group>"; };
/* End PBXFileReference section */

/* Begin PBXFrameworksBuildPhase section */
		56249C00138AD6FA00AA24BB /* Frameworks */ = {
			isa = PBXFrameworksBuildPhase;
			buildActionMask = 2147483647;
			files = (
			);
			runOnlyForDeploymentPostprocessing = 0;
		};
/* End PBXFrameworksBuildPhase section */

/* Begin PBXGroup section */
		56103A1013A04A8D00CAC395 /* filesystem */ = {
			isa = PBXGroup;
			children = (
				56103A1713A04A8D00CAC395 /* ShinyMetaNode.cpp */,
				56103A1813A04A8D00CAC395 /* ShinyMetaNode.h */,
				56103A1913A04A8D00CAC395 /* ShinyMetaRootDir.cpp */,
				56103A1A13A04A8D00CAC395 /* ShinyMetaRootDir.h */,
				56103A1113A04A8D00CAC395 /* ShinyMetaDir.cpp */,
				56103A1213A04A8D00CAC395 /* ShinyMetaDir.h */,
				56103A1313A04A8D00CAC395 /* ShinyMetaFile.cpp */,
				56103A1413A04A8D00CAC395 /* ShinyMetaFile.h */,
				564CC0B515204B5500D7CC3C /* ShinyMetaFileHandle.cpp */,
				564CC0B315204A7200D7CC3C /* ShinyMetaFileHandle.h */,
				56103A1513A04A8D00CAC395 /* ShinyFilesystem.cpp */,
				56103A1613A04A8D00CAC395 /* ShinyFilesystem.h */,
				569184EA1549E8330060F755 /* ShinyDBWrapper.cpp */,
				569184EC1549E83C0060F755 /* ShinyDBWrapper.h */,
			);
			name = filesystem;
			path = src/filesystem;
			sourceTree = "<group>";
		};
		56103A2413A04E1C00CAC395 /* base */ = {
			isa = PBXGroup;
			children = (
				56103A2513A04E3900CAC395 /* Logger.cpp */,
				56103A2613A04E3900CAC395 /* Logger.h */,
			);
			name = base;
			sourceTree = "<group>";
		};
		56249BF6138AD6EB00AA24BB = {
			isa = PBXGroup;
			children = (
				56103A2413A04E1C00CAC395 /* base */,
				5613190613D3A6BE0014BEC0 /* Thoughts */,
				5681A8E815298D5C00CCDE46 /* SHINY_TODO.txt */,
				564CC0B715214CD400D7CC3C /* util */,
				56803FA3150D6C480074238D /* fuse */,
				56103A1013A04A8D00CAC395 /* filesystem */,
				5681A8E615298D3F00CCDE46 /* main.cpp */,
				56249C04138AD6FA00AA24BB /* Products */,
			);
			sourceTree = "<group>";
		};
		56249C04138AD6FA00AA24BB /* Products */ = {
			isa = PBXGroup;
			children = (
				56249C03138AD6FA00AA24BB /* shinyfs */,
			);
			name = Products;
			sourceTree = "<group>";
		};
		564CC0B715214CD400D7CC3C /* util */ = {
			isa = PBXGroup;
			children = (
				564CC0B815214CF000D7CC3C /* zmqutils.h */,
				564CC0B915214D5300D7CC3C /* zmqutils.cpp */,
				569184E91549E7FE0060F755 /* util.h */,
				56E876D61540929F00FA5D1E /* util.cpp */,
			);
			name = util;
			sourceTree = "<group>";
		};
		56803FA3150D6C480074238D /* fuse */ = {
			isa = PBXGroup;
			children = (
				56803FA4150D6C820074238D /* ShinyFuse.cpp */,
				56803FA5150D6C820074238D /* ShinyFuse.h */,
				564CC0D115219D1A00D7CC3C /* ShinyFilesystemMediator.cpp */,
				564CC0BB1521876800D7CC3C /* ShinyFilesystemMediator.h */,
			);
			name = fuse;
			sourceTree = "<group>";
		};
/* End PBXGroup section */

/* Begin PBXNativeTarget section */
		56249C02138AD6FA00AA24BB /* shinyfs */ = {
			isa = PBXNativeTarget;
			buildConfigurationList = 56249C0A138AD6FA00AA24BB /* Build configuration list for PBXNativeTarget "shinyfs" */;
			buildPhases = (
				56249BFF138AD6FA00AA24BB /* Sources */,
				56249C00138AD6FA00AA24BB /* Frameworks */,
				56249C01138AD6FA00AA24BB /* CopyFiles */,
			);
			buildRules = (
			);
			dependencies = (
			);
			name = shinyfs;
			productName = shinyfs;
			productReference = 56249C03138AD6FA00AA24BB /* shinyfs */;
			productType = "com.apple.product-type.tool";
		};
/* End PBXNativeTarget section */

/* Begin PBXProject section */
		56249BF8138AD6EB00AA24BB /* Project object */ = {
			isa = PBXProject;
			attributes = {
				LastUpgradeCheck = 0430;
			};
			buildConfigurationList = 56249BFB138AD6EB00AA24BB /* Build configuration list for PBXProject "shinyfs" */;
			compatibilityVersion = "Xcode 3.2";
			developmentRegion = English;
			hasScannedForEncodings = 0;
			knownRegions = (
				en,
			);
			mainGroup = 56249BF6138AD6EB00AA24BB;
			productRefGroup = 56249C04138AD6FA00AA24BB /* Products */;
			projectDirPath = "";
			projectRoot = "";
			targets = (
				56249C02138AD6FA00AA24BB /* shinyfs */,
			);
		};
/* End PBXProject section */

/* Begin PBXSourcesBuildPhase section */
		56249BFF138AD6FA00AA24BB /* Sources */ = {
			isa = PBXSourcesBuildPhase;
			buildActionMask = 2147483647;
			files = (
				56103A1E13A04A8D00CAC395 /* ShinyMetaDir.cpp in Sources */,
				56103A1F13A04A8D00CAC395 /* ShinyMetaFile.cpp in Sources */,
				56103A2013A04A8D00CAC395 /* ShinyFilesystem.cpp in Sources */,
				56103A2113A04A8D00CAC395 /* ShinyMetaNode.cpp in Sources */,
				56103A2213A04A8D00CAC395 /* ShinyMetaRootDir.cpp in Sources */,
				56103A2713A04E3900CAC395 /* Logger.cpp in Sources */,
				56803FA6150D6C820074238D /* ShinyFuse.cpp in Sources */,
				564CC0B615204B5500D7CC3C /* ShinyMetaFileHandle.cpp in Sources */,
				564CC0BA15214D5300D7CC3C /* zmqutils.cpp in Sources */,
				564CC0D215219D1A00D7CC3C /* ShinyFilesystemMediator.cpp in Sources */,
				5681A8E715298D3F00CCDE46 /* main.cpp in Sources */,
				56E876D71540929F00FA5D1E /* util.cpp in Sources */,
				569184EB1549E8330060F755 /* ShinyDBWrapper.cpp in Sources */,
			);
			runOnlyForDeploymentPostprocessing = 0;
		};
/* End PBXSourcesBuildPhase section */

/* Begin XCBuildConfiguration section */
		56249BFD138AD6EB00AA24BB /* Debug */ = {
			isa = XCBuildConfiguration;
			buildSettings = {
				HEADER_SEARCH_PATHS = (
					/Users/sabae/.homebrew/include,
					"~/Dropbox/coding/platform",
				);
				LIBRARY_SEARCH_PATHS = /Users/sabae/.homebrew/lib;
			};
			name = Debug;
		};
		56249BFE138AD6EB00AA24BB /* Release */ = {
			isa = XCBuildConfiguration;
			buildSettings = {
				HEADER_SEARCH_PATHS = (
					/Users/sabae/.homebrew/include,
					"~/Dropbox/coding/platform",
				);
				LIBRARY_SEARCH_PATHS = /Users/sabae/.homebrew/lib;
			};
			name = Release;
		};
		56249C0B138AD6FA00AA24BB /* Debug */ = {
			isa = XCBuildConfiguration;
			buildSettings = {
				ARCHS = "$(ARCHS_STANDARD_32_64_BIT)";
				COPY_PHASE_STRIP = NO;
				GCC_C_LANGUAGE_STANDARD = gnu99;
				GCC_DYNAMIC_NO_PIC = NO;
				GCC_ENABLE_OBJC_EXCEPTIONS = YES;
				GCC_OPTIMIZATION_LEVEL = 0;
				GCC_PREPROCESSOR_DEFINITIONS = _DEBUG;
				GCC_SYMBOLS_PRIVATE_EXTERN = NO;
				GCC_WARN_64_TO_32_BIT_CONVERSION = YES;
				GCC_WARN_ABOUT_RETURN_TYPE = YES;
				GCC_WARN_UNUSED_VARIABLE = YES;
				MACOSX_DEPLOYMENT_TARGET = 10.6;
				ONLY_ACTIVE_ARCH = YES;
				OTHER_LDFLAGS = (
					"-lfuse4x",
					"-lcryptopp",
					"-lzmq",
					"-lkyotocabinet",
					"-lleveldb",
				);
				PRODUCT_NAME = "$(TARGET_NAME)";
				SDKROOT = macosx;
			};
			name = Debug;
		};
		56249C0C138AD6FA00AA24BB /* Release */ = {
			isa = XCBuildConfiguration;
			buildSettings = {
				ARCHS = "$(ARCHS_STANDARD_32_64_BIT)";
				COPY_PHASE_STRIP = YES;
				DEBUG_INFORMATION_FORMAT = "dwarf-with-dsym";
				GCC_C_LANGUAGE_STANDARD = gnu99;
				GCC_ENABLE_OBJC_EXCEPTIONS = YES;
				GCC_WARN_64_TO_32_BIT_CONVERSION = YES;
				GCC_WARN_ABOUT_RETURN_TYPE = YES;
				GCC_WARN_UNUSED_VARIABLE = YES;
				MACOSX_DEPLOYMENT_TARGET = 10.6;
				OTHER_LDFLAGS = (
					"-lfuse4x",
					"-lcryptopp",
					"-lzmq",
					"-lkyotocabinet",
					"-lleveldb",
				);
				PRODUCT_NAME = "$(TARGET_NAME)";
				SDKROOT = macosx;
			};
			name = Release;
		};
/* End XCBuildConfiguration section */

/* Begin XCConfigurationList section */
		56249BFB138AD6EB00AA24BB /* Build configuration list for PBXProject "shinyfs" */ = {
			isa = XCConfigurationList;
			buildConfigurations = (
				56249BFD138AD6EB00AA24BB /* Debug */,
				56249BFE138AD6EB00AA24BB /* Release */,
			);
			defaultConfigurationIsVisible = 0;
			defaultConfigurationName = Release;
		};
		56249C0A138AD6FA00AA24BB /* Build configuration list for PBXNativeTarget "shinyfs" */ = {
			isa = XCConfigurationList;
			buildConfigurations = (
				56249C0B138AD6FA00AA24BB /* Debug */,
				56249C0C138AD6FA00AA24BB /* Release */,
			);
			defaultConfigurationIsVisible = 0;
			defaultConfigurationName = Release;
		};
/* End XCConfigurationList section */
	};
	rootObject = 56249BF8138AD6EB00AA24BB /* Project object */;
}
