// !$*UTF8*$!
{
	archiveVersion = 1;
	classes = {
	};
	objectVersion = 46;
	objects = {

/* Begin PBXBuildFile section */
		56A154BD1436FAF3007CB847 /* zmqcrashtest.cpp in Sources */ = {isa = PBXBuildFile; fileRef = 56A154BC1436FAF3007CB847 /* zmqcrashtest.cpp */; };
		56A154F61436FCC2007CB847 /* zmqcrashtestd.cpp in Sources */ = {isa = PBXBuildFile; fileRef = 56A154E31436FCAF007CB847 /* zmqcrashtestd.cpp */; };
/* End PBXBuildFile section */

/* Begin PBXCopyFilesBuildPhase section */
		56A154B61436FAF3007CB847 /* CopyFiles */ = {
			isa = PBXCopyFilesBuildPhase;
			buildActionMask = 2147483647;
			dstPath = /usr/share/man/man1/;
			dstSubfolderSpec = 0;
			files = (
			);
			runOnlyForDeploymentPostprocessing = 1;
		};
		56A154F81436FCC2007CB847 /* CopyFiles */ = {
			isa = PBXCopyFilesBuildPhase;
			buildActionMask = 2147483647;
			dstPath = /usr/share/man/man1/;
			dstSubfolderSpec = 0;
			files = (
			);
			runOnlyForDeploymentPostprocessing = 1;
		};
/* End PBXCopyFilesBuildPhase section */

/* Begin PBXFileReference section */
		56A154B81436FAF3007CB847 /* zmqcrashtest */ = {isa = PBXFileReference; explicitFileType = "compiled.mach-o.executable"; includeInIndex = 0; path = zmqcrashtest; sourceTree = BUILT_PRODUCTS_DIR; };
		56A154BC1436FAF3007CB847 /* zmqcrashtest.cpp */ = {isa = PBXFileReference; lastKnownFileType = sourcecode.cpp.cpp; path = zmqcrashtest.cpp; sourceTree = "<group>"; };
		56A154E31436FCAF007CB847 /* zmqcrashtestd.cpp */ = {isa = PBXFileReference; fileEncoding = 4; lastKnownFileType = sourcecode.cpp.cpp; path = zmqcrashtestd.cpp; sourceTree = "<group>"; };
		56A154FC1436FCC2007CB847 /* zmqcrashtestd */ = {isa = PBXFileReference; explicitFileType = "compiled.mach-o.executable"; includeInIndex = 0; path = zmqcrashtestd; sourceTree = BUILT_PRODUCTS_DIR; };
/* End PBXFileReference section */

/* Begin PBXFrameworksBuildPhase section */
		56A154B51436FAF3007CB847 /* Frameworks */ = {
			isa = PBXFrameworksBuildPhase;
			buildActionMask = 2147483647;
			files = (
			);
			runOnlyForDeploymentPostprocessing = 0;
		};
		56A154F71436FCC2007CB847 /* Frameworks */ = {
			isa = PBXFrameworksBuildPhase;
			buildActionMask = 2147483647;
			files = (
			);
			runOnlyForDeploymentPostprocessing = 0;
		};
/* End PBXFrameworksBuildPhase section */

/* Begin PBXGroup section */
		56A154AD1436FAF3007CB847 = {
			isa = PBXGroup;
			children = (
				56A154BB1436FAF3007CB847 /* zmqcrashtest */,
				56A154B91436FAF3007CB847 /* Products */,
			);
			sourceTree = "<group>";
		};
		56A154B91436FAF3007CB847 /* Products */ = {
			isa = PBXGroup;
			children = (
				56A154B81436FAF3007CB847 /* zmqcrashtest */,
				56A154FC1436FCC2007CB847 /* zmqcrashtestd */,
			);
			name = Products;
			sourceTree = "<group>";
		};
		56A154BB1436FAF3007CB847 /* zmqcrashtest */ = {
			isa = PBXGroup;
			children = (
				56A154BC1436FAF3007CB847 /* zmqcrashtest.cpp */,
				56A154E31436FCAF007CB847 /* zmqcrashtestd.cpp */,
			);
			path = zmqcrashtest;
			sourceTree = "<group>";
		};
/* End PBXGroup section */

/* Begin PBXNativeTarget section */
		56A154B71436FAF3007CB847 /* zmqcrashtest */ = {
			isa = PBXNativeTarget;
			buildConfigurationList = 56A154C21436FAF3007CB847 /* Build configuration list for PBXNativeTarget "zmqcrashtest" */;
			buildPhases = (
				56A154B41436FAF3007CB847 /* Sources */,
				56A154B51436FAF3007CB847 /* Frameworks */,
				56A154B61436FAF3007CB847 /* CopyFiles */,
			);
			buildRules = (
			);
			dependencies = (
			);
			name = zmqcrashtest;
			productName = zmqcrashtest;
			productReference = 56A154B81436FAF3007CB847 /* zmqcrashtest */;
			productType = "com.apple.product-type.tool";
		};
		56A154F31436FCC2007CB847 /* zmqcrashtestd */ = {
			isa = PBXNativeTarget;
			buildConfigurationList = 56A154F91436FCC2007CB847 /* Build configuration list for PBXNativeTarget "zmqcrashtestd" */;
			buildPhases = (
				56A154F41436FCC2007CB847 /* Sources */,
				56A154F71436FCC2007CB847 /* Frameworks */,
				56A154F81436FCC2007CB847 /* CopyFiles */,
			);
			buildRules = (
			);
			dependencies = (
			);
			name = zmqcrashtestd;
			productName = zmqcrashtest;
			productReference = 56A154FC1436FCC2007CB847 /* zmqcrashtestd */;
			productType = "com.apple.product-type.tool";
		};
/* End PBXNativeTarget section */

/* Begin PBXProject section */
		56A154AF1436FAF3007CB847 /* Project object */ = {
			isa = PBXProject;
			attributes = {
				ORGANIZATIONNAME = "The Network Marines";
			};
			buildConfigurationList = 56A154B21436FAF3007CB847 /* Build configuration list for PBXProject "zmqcrashtest" */;
			compatibilityVersion = "Xcode 3.2";
			developmentRegion = English;
			hasScannedForEncodings = 0;
			knownRegions = (
				en,
			);
			mainGroup = 56A154AD1436FAF3007CB847;
			productRefGroup = 56A154B91436FAF3007CB847 /* Products */;
			projectDirPath = "";
			projectRoot = "";
			targets = (
				56A154B71436FAF3007CB847 /* zmqcrashtest */,
				56A154F31436FCC2007CB847 /* zmqcrashtestd */,
			);
		};
/* End PBXProject section */

/* Begin PBXSourcesBuildPhase section */
		56A154B41436FAF3007CB847 /* Sources */ = {
			isa = PBXSourcesBuildPhase;
			buildActionMask = 2147483647;
			files = (
				56A154BD1436FAF3007CB847 /* zmqcrashtest.cpp in Sources */,
			);
			runOnlyForDeploymentPostprocessing = 0;
		};
		56A154F41436FCC2007CB847 /* Sources */ = {
			isa = PBXSourcesBuildPhase;
			buildActionMask = 2147483647;
			files = (
				56A154F61436FCC2007CB847 /* zmqcrashtestd.cpp in Sources */,
			);
			runOnlyForDeploymentPostprocessing = 0;
		};
/* End PBXSourcesBuildPhase section */

/* Begin XCBuildConfiguration section */
		56A154C01436FAF3007CB847 /* Debug */ = {
			isa = XCBuildConfiguration;
			buildSettings = {
				ALWAYS_SEARCH_USER_PATHS = NO;
				ARCHS = "$(ARCHS_STANDARD_64_BIT)";
				COPY_PHASE_STRIP = NO;
				GCC_C_LANGUAGE_STANDARD = gnu99;
				GCC_DYNAMIC_NO_PIC = NO;
				GCC_ENABLE_OBJC_EXCEPTIONS = YES;
				GCC_OPTIMIZATION_LEVEL = 0;
				GCC_PREPROCESSOR_DEFINITIONS = (
					"DEBUG=1",
					"$(inherited)",
				);
				GCC_SYMBOLS_PRIVATE_EXTERN = NO;
				GCC_VERSION = com.apple.compilers.llvm.clang.1_0;
				GCC_WARN_64_TO_32_BIT_CONVERSION = YES;
				GCC_WARN_ABOUT_MISSING_PROTOTYPES = YES;
				GCC_WARN_ABOUT_RETURN_TYPE = YES;
				GCC_WARN_UNUSED_VARIABLE = YES;
				HEADER_SEARCH_PATHS = /usr/local/include;
				MACOSX_DEPLOYMENT_TARGET = 10.7;
				ONLY_ACTIVE_ARCH = YES;
				OTHER_LDFLAGS = "-lzmq";
				SDKROOT = macosx;
			};
			name = Debug;
		};
		56A154C11436FAF3007CB847 /* Release */ = {
			isa = XCBuildConfiguration;
			buildSettings = {
				ALWAYS_SEARCH_USER_PATHS = NO;
				ARCHS = "$(ARCHS_STANDARD_64_BIT)";
				COPY_PHASE_STRIP = YES;
				DEBUG_INFORMATION_FORMAT = "dwarf-with-dsym";
				GCC_C_LANGUAGE_STANDARD = gnu99;
				GCC_ENABLE_OBJC_EXCEPTIONS = YES;
				GCC_VERSION = com.apple.compilers.llvm.clang.1_0;
				GCC_WARN_64_TO_32_BIT_CONVERSION = YES;
				GCC_WARN_ABOUT_MISSING_PROTOTYPES = YES;
				GCC_WARN_ABOUT_RETURN_TYPE = YES;
				GCC_WARN_UNUSED_VARIABLE = YES;
				HEADER_SEARCH_PATHS = /usr/local/include;
				MACOSX_DEPLOYMENT_TARGET = 10.7;
				OTHER_LDFLAGS = "-lzmq";
				SDKROOT = macosx;
			};
			name = Release;
		};
		56A154C31436FAF3007CB847 /* Debug */ = {
			isa = XCBuildConfiguration;
			buildSettings = {
				PRODUCT_NAME = "$(TARGET_NAME)";
			};
			name = Debug;
		};
		56A154C41436FAF3007CB847 /* Release */ = {
			isa = XCBuildConfiguration;
			buildSettings = {
				PRODUCT_NAME = "$(TARGET_NAME)";
			};
			name = Release;
		};
		56A154FA1436FCC2007CB847 /* Debug */ = {
			isa = XCBuildConfiguration;
			buildSettings = {
				PRODUCT_NAME = zmqcrashtestd;
			};
			name = Debug;
		};
		56A154FB1436FCC2007CB847 /* Release */ = {
			isa = XCBuildConfiguration;
			buildSettings = {
				PRODUCT_NAME = zmqcrashtestd;
			};
			name = Release;
		};
/* End XCBuildConfiguration section */

/* Begin XCConfigurationList section */
		56A154B21436FAF3007CB847 /* Build configuration list for PBXProject "zmqcrashtest" */ = {
			isa = XCConfigurationList;
			buildConfigurations = (
				56A154C01436FAF3007CB847 /* Debug */,
				56A154C11436FAF3007CB847 /* Release */,
			);
			defaultConfigurationIsVisible = 0;
			defaultConfigurationName = Release;
		};
		56A154C21436FAF3007CB847 /* Build configuration list for PBXNativeTarget "zmqcrashtest" */ = {
			isa = XCConfigurationList;
			buildConfigurations = (
				56A154C31436FAF3007CB847 /* Debug */,
				56A154C41436FAF3007CB847 /* Release */,
			);
			defaultConfigurationIsVisible = 0;
			defaultConfigurationName = Release;
		};
		56A154F91436FCC2007CB847 /* Build configuration list for PBXNativeTarget "zmqcrashtestd" */ = {
			isa = XCConfigurationList;
			buildConfigurations = (
				56A154FA1436FCC2007CB847 /* Debug */,
				56A154FB1436FCC2007CB847 /* Release */,
			);
			defaultConfigurationIsVisible = 0;
			defaultConfigurationName = Release;
		};
/* End XCConfigurationList section */
	};
	rootObject = 56A154AF1436FAF3007CB847 /* Project object */;
}
